{
  "requires": true,
  "lockfileVersion": 1,
  "dependencies": {
    "async-validator": {
      "version": "1.8.5",
      "resolved": "https://registry.npm.taobao.org/async-validator/download/async-validator-1.8.5.tgz",
      "integrity": "sha1-3D4I7B/Q3dtn5ghC8CwM0c7G1/A=",
      "requires": {
        "babel-runtime": "6.x"
      }
    },
    "axios": {
      "version": "0.17.1",
      "resolved": "https://registry.npm.taobao.org/axios/download/axios-0.17.1.tgz?cache=0&sync_timestamp=1579670738528&other_urls=https%3A%2F%2Fregistry.npm.taobao.org%2Faxios%2Fdownload%2Faxios-0.17.1.tgz",
      "integrity": "sha1-LY4+XQvb1zJ/kbyBT1xXZg+Bgk0=",
      "dev": true,
      "requires": {
        "follow-redirects": "^1.2.5",
        "is-buffer": "^1.1.5"
      }
    },
    "babel-helper-vue-jsx-merge-props": {
      "version": "2.0.3",
      "resolved": "https://registry.npm.taobao.org/babel-helper-vue-jsx-merge-props/download/babel-helper-vue-jsx-merge-props-2.0.3.tgz",
      "integrity": "sha1-Iq69OzOQIyjlEyk6jkmSs4T58bY="
    },
    "babel-runtime": {
      "version": "6.26.0",
      "resolved": "https://registry.npm.taobao.org/babel-runtime/download/babel-runtime-6.26.0.tgz",
      "integrity": "sha1-llxwWGaOgrVde/4E/yM3vItWR/4=",
      "requires": {
        "core-js": "^2.4.0",
        "regenerator-runtime": "^0.11.0"
      }
    },
    "core-js": {
      "version": "2.6.11",
      "resolved": "https://registry.npm.taobao.org/core-js/download/core-js-2.6.11.tgz",
      "integrity": "sha1-OIMUafmSK97Y7iHJ3EaYXgOZMIw="
    },
    "debug": {
      "version": "3.2.6",
      "resolved": "https://registry.npm.taobao.org/debug/download/debug-3.2.6.tgz?cache=0&other_urls=https%3A%2F%2Fregistry.npm.taobao.org%2Fdebug%2Fdownload%2Fdebug-3.2.6.tgz",
      "integrity": "sha1-6D0X3hbYp++3cX7b5fsQE17uYps=",
      "dev": true,
      "requires": {
        "ms": "^2.1.1"
      }
    },
    "deepmerge": {
      "version": "1.5.2",
      "resolved": "https://registry.npm.taobao.org/deepmerge/download/deepmerge-1.5.2.tgz",
      "integrity": "sha1-EEmdhohEza1P7ghC34x/bwyVp1M="
    },
    "element-ui": {
      "version": "2.13.2",
      "resolved": "https://registry.npm.taobao.org/element-ui/download/element-ui-2.13.2.tgz?cache=0&sync_timestamp=1589795216634&other_urls=https%3A%2F%2Fregistry.npm.taobao.org%2Felement-ui%2Fdownload%2Felement-ui-2.13.2.tgz",
      "integrity": "sha1-WCv0eqqqr+I+oZWPriF6aHrQZEc=",
      "requires": {
        "async-validator": "~1.8.1",
        "babel-helper-vue-jsx-merge-props": "^2.0.0",
        "deepmerge": "^1.2.0",
        "normalize-wheel": "^1.0.1",
        "resize-observer-polyfill": "^1.5.0",
        "throttle-debounce": "^1.0.1"
      }
    },
    "follow-redirects": {
      "version": "1.11.0",
      "resolved": "https://registry.npm.taobao.org/follow-redirects/download/follow-redirects-1.11.0.tgz",
      "integrity": "sha1-r6FPCLoSpSljFA/kMhJliJe8Dss=",
      "dev": true,
      "requires": {
        "debug": "^3.0.0"
      }
    },
    "is-buffer": {
      "version": "1.1.6",
      "resolved": "https://registry.npm.taobao.org/is-buffer/download/is-buffer-1.1.6.tgz",
      "integrity": "sha1-76ouqdqg16suoTqXsritUf776L4=",
      "dev": true
    },
    "ms": {
      "version": "2.1.2",
      "resolved": "https://registry.npm.taobao.org/ms/download/ms-2.1.2.tgz",
      "integrity": "sha1-0J0fNXtEP0kzgqjrPM0YOHKuYAk=",
      "dev": true
    },
    "normalize-wheel": {
      "version": "1.0.1",
      "resolved": "https://registry.npm.taobao.org/normalize-wheel/download/normalize-wheel-1.0.1.tgz",
      "integrity": "sha1-rsiGr/2wRQcNhWRH32Ls+GFG7EU="
    },
    "regenerator-runtime": {
      "version": "0.11.1",
      "resolved": "https://registry.npm.taobao.org/regenerator-runtime/download/regenerator-runtime-0.11.1.tgz?cache=0&sync_timestamp=1584052392667&other_urls=https%3A%2F%2Fregistry.npm.taobao.org%2Fregenerator-runtime%2Fdownload%2Fregenerator-runtime-0.11.1.tgz",
      "integrity": "sha1-vgWtf5v30i4Fb5cmzuUBf78Z4uk="
    },
    "resize-observer-polyfill": {
      "version": "1.5.1",
      "resolved": "https://registry.npm.taobao.org/resize-observer-polyfill/download/resize-observer-polyfill-1.5.1.tgz",
      "integrity": "sha1-DpAg3T0hAkRY1OvSfiPkAmmBBGQ="
    },
    "throttle-debounce": {
      "version": "1.1.0",
      "resolved": "https://registry.npm.taobao.org/throttle-debounce/download/throttle-debounce-1.1.0.tgz",
      "integrity": "sha1-UYU9o3vmihVctugns1FKPEIuic0="
    },
    "vue-router": {
      "version": "3.3.2",
      "resolved": "https://registry.npm.taobao.org/vue-router/download/vue-router-3.3.2.tgz?cache=0&sync_timestamp=1590759571191&other_urls=https%3A%2F%2Fregistry.npm.taobao.org%2Fvue-router%2Fdownload%2Fvue-router-3.3.2.tgz",
      "integrity": "sha512-5sEbcfb7MW8mY8lbUVbF4kgcipGXsagkM/X+pb6n0MhjP+RorWIUTPAPSqgPaiPOxVCXgAItBl8Vwz8vq78faA=="
    },
    "vuex": {
      "version": "3.4.0",
      "resolved": "https://registry.npm.taobao.org/vuex/download/vuex-3.4.0.tgz",
      "integrity": "sha1-IMwIYGLXUHafzh/rs05/zurr3kU="
    }
  }
}
